
Microsoft Visual Studio Solution File, Format Version 12.00
# Visual Studio Version 16
VisualStudioVersion = 16.0.30517.126
MinimumVisualStudioVersion = 10.0.40219.1
Project("{FAE04EC0-301F-11D3-BF4B-00C04F79EFBC}") = "MethodsExamples", "MethodsExamples\MethodsExamples.csproj", "{C6F17209-40EE-4CCC-90C0-424B68B8FB4D}"
EndProject
Global
	GlobalSection(SolutionConfigurationPlatforms) = preSolution
		Debug|Any CPU = Debug|Any CPU
		Release|Any CPU = Release|Any CPU
	EndGlobalSection
	GlobalSection(ProjectConfigurationPlatforms) = postSolution
		{C6F17209-40EE-4CCC-90C0-424B68B8FB4D}.Debug|Any CPU.ActiveCfg = Debug|Any CPU
		{C6F17209-40EE-4CCC-90C0-424B68B8FB4D}.Debug|Any CPU.Build.0 = Debug|Any CPU
		{C6F17209-40EE-4CCC-90C0-424B68B8FB4D}.Release|Any CPU.ActiveCfg = Release|Any CPU
		{C6F17209-40EE-4CCC-90C0-424B68B8FB4D}.Release|Any CPU.Build.0 = Release|Any CPU
	EndGlobalSection
	GlobalSection(SolutionProperties) = preSolution
		HideSolutionNode = FALSE
	EndGlobalSection
	GlobalSection(ExtensibilityGlobals) = postSolution
		SolutionGuid = {D4EBF765-CC3C-4D57-8D47-FFB5A6FE1FC1}
	EndGlobalSection
EndGlobal
